{
  "name": "griffinwebserver_v2-session",
  "version": "1.0.0",
  "lockfileVersion": 2,
  "requires": true,
  "packages": {
    "": {
      "name": "griffinwebserver_v2-session",
      "version": "1.0.0",
      "license": "ISC",
      "dependencies": {
        "cookie": "^1.0.2",
        "crypto": "^1.0.1",
        "griffinwebserver_v2": "^2.0.2"
      }
    },
    "node_modules/cookie": {
      "version": "1.0.2",
      "resolved": "https://registry.npmjs.org/cookie/-/cookie-1.0.2.tgz",
      "integrity": "sha512-9Kr/j4O16ISv8zBBhJoi4bXOYNTkFLOqSL3UDB0njXxCXNezjeyVrJyGOWtgfs/q2km1gwBcfH8q1yEGoMYunA==",
      "engines": {
        "node": ">=18"
      }
    },
    "node_modules/crypto": {
      "version": "1.0.1",
      "resolved": "https://registry.npmjs.org/crypto/-/crypto-1.0.1.tgz",
      "integrity": "sha512-VxBKmeNcqQdiUQUW2Tzq0t377b54N2bMtXO/qiLa+6eRRmmC4qT3D4OnTGoT/U6O9aklQ/jTwbOtRMTTY8G0Ig==",
      "deprecated": "This package is no longer supported. It's now a built-in Node module. If you've depended on crypto, you should switch to the one that's built-in."
    },
    "node_modules/griffinwebserver_v2": {
      "version": "2.0.2",
      "resolved": "https://registry.npmjs.org/griffinwebserver_v2/-/griffinwebserver_v2-2.0.2.tgz",
      "integrity": "sha512-jHZb/+50wNujKdVcwLdP1IIE7/33o3WB8t5mzrXnJE7QEcqLzfmcxWgHQwYDzsk3BDIi6+QRBMLXUzE1KXm5gg=="
    }
  },
  "dependencies": {
    "cookie": {
      "version": "1.0.2",
      "resolved": "https://registry.npmjs.org/cookie/-/cookie-1.0.2.tgz",
      "integrity": "sha512-9Kr/j4O16ISv8zBBhJoi4bXOYNTkFLOqSL3UDB0njXxCXNezjeyVrJyGOWtgfs/q2km1gwBcfH8q1yEGoMYunA=="
    },
    "crypto": {
      "version": "1.0.1",
      "resolved": "https://registry.npmjs.org/crypto/-/crypto-1.0.1.tgz",
      "integrity": "sha512-VxBKmeNcqQdiUQUW2Tzq0t377b54N2bMtXO/qiLa+6eRRmmC4qT3D4OnTGoT/U6O9aklQ/jTwbOtRMTTY8G0Ig=="
    },
    "griffinwebserver_v2": {
      "version": "2.0.2",
      "resolved": "https://registry.npmjs.org/griffinwebserver_v2/-/griffinwebserver_v2-2.0.2.tgz",
      "integrity": "sha512-jHZb/+50wNujKdVcwLdP1IIE7/33o3WB8t5mzrXnJE7QEcqLzfmcxWgHQwYDzsk3BDIi6+QRBMLXUzE1KXm5gg=="
    }
  }
}
