{
  "name": "griffinwebserver_v2-middleware-session",
  "version": "1.0.5",
  "lockfileVersion": 2,
  "requires": true,
  "packages": {
    "": {
      "name": "griffinwebserver_v2-middleware-session",
      "version": "1.0.5",
      "license": "ISC",
      "dependencies": {
        "cookie": "^1.0.2",
        "griffinwebserver_v2": "^2.0.2"
      }
    },
    "node_modules/cookie": {
      "version": "1.0.2",
      "resolved": "https://registry.npmjs.org/cookie/-/cookie-1.0.2.tgz",
      "integrity": "sha512-9Kr/j4O16ISv8zBBhJoi4bXOYNTkFLOqSL3UDB0njXxCXNezjeyVrJyGOWtgfs/q2km1gwBcfH8q1yEGoMYunA==",
      "engines": {
        "node": ">=18"
      }
    },
    "node_modules/griffinwebserver_v2": {
      "version": "2.1.2",
      "resolved": "https://registry.npmjs.org/griffinwebserver_v2/-/griffinwebserver_v2-2.1.2.tgz",
      "integrity": "sha512-7nf2g/KqNFTuNDbHFtQ9i4VTj9X+5NoeUknFEz7UvSC8n0QJZNUxHcGbFa4ywjdMgD3JqXvsRtejzbCSKoHKJg=="
    }
  },
  "dependencies": {
    "cookie": {
      "version": "1.0.2",
      "resolved": "https://registry.npmjs.org/cookie/-/cookie-1.0.2.tgz",
      "integrity": "sha512-9Kr/j4O16ISv8zBBhJoi4bXOYNTkFLOqSL3UDB0njXxCXNezjeyVrJyGOWtgfs/q2km1gwBcfH8q1yEGoMYunA=="
    },
    "griffinwebserver_v2": {
      "version": "2.1.2",
      "resolved": "https://registry.npmjs.org/griffinwebserver_v2/-/griffinwebserver_v2-2.1.2.tgz",
      "integrity": "sha512-7nf2g/KqNFTuNDbHFtQ9i4VTj9X+5NoeUknFEz7UvSC8n0QJZNUxHcGbFa4ywjdMgD3JqXvsRtejzbCSKoHKJg=="
    }
  }
}
